
Microsoft Visual Studio Solution File, Format Version 12.00
# Visual Studio Version 16
VisualStudioVersion = 16.0.30907.101
MinimumVisualStudioVersion = 10.0.40219.1
Project("{FAE04EC0-301F-11D3-BF4B-00C04F79EFBC}") = "CoxAuto", "CoxAuto.csproj", "{9AC95181-1C93-4D4F-B963-60CA7A42DB23}"
EndProject
Global
	GlobalSection(SolutionConfigurationPlatforms) = preSolution
		Debug|Any CPU = Debug|Any CPU
		Release|Any CPU = Release|Any CPU
	EndGlobalSection
	GlobalSection(ProjectConfigurationPlatforms) = postSolution
		{9AC95181-1C93-4D4F-B963-60CA7A42DB23}.Debug|Any CPU.ActiveCfg = Debug|Any CPU
		{9AC95181-1C93-4D4F-B963-60CA7A42DB23}.Debug|Any CPU.Build.0 = Debug|Any CPU
		{9AC95181-1C93-4D4F-B963-60CA7A42DB23}.Release|Any CPU.ActiveCfg = Release|Any CPU
		{9AC95181-1C93-4D4F-B963-60CA7A42DB23}.Release|Any CPU.Build.0 = Release|Any CPU
	EndGlobalSection
	GlobalSection(SolutionProperties) = preSolution
		HideSolutionNode = FALSE
	EndGlobalSection
	GlobalSection(ExtensibilityGlobals) = postSolution
		SolutionGuid = {9484DB05-8815-4080-B164-FB971C8F2B7A}
	EndGlobalSection
EndGlobal
